// !$*UTF8*$!
{
	archiveVersion = 1;
	classes = {
	};
	objectVersion = 50;
	objects = {

/* Begin PBXBuildFile section */
		3DFA75812424BF750042F80B /* AppDelegate.m in Sources */ = {isa = PBXBuildFile; fileRef = 3DFA75802424BF750042F80B /* AppDelegate.m */; };
		3DFA75842424BF750042F80B /* ViewController.m in Sources */ = {isa = PBXBuildFile; fileRef = 3DFA75832424BF750042F80B /* ViewController.m */; };
		3DFA75872424BF750042F80B /* Main.storyboard in Resources */ = {isa = PBXBuildFile; fileRef = 3DFA75852424BF750042F80B /* Main.storyboard */; };
		3DFA75892424BF760042F80B /* Assets.xcassets in Resources */ = {isa = PBXBuildFile; fileRef = 3DFA75882424BF760042F80B /* Assets.xcassets */; };
		3DFA758C2424BF760042F80B /* LaunchScreen.storyboard in Resources */ = {isa = PBXBuildFile; fileRef = 3DFA758A2424BF760042F80B /* LaunchScreen.storyboard */; };
		3DFA758F2424BF760042F80B /* main.m in Sources */ = {isa = PBXBuildFile; fileRef = 3DFA758E2424BF760042F80B /* main.m */; };
		3DFA75972424C0C30042F80B /* GLKit.framework in Frameworks */ = {isa = PBXBuildFile; fileRef = 3DFA75962424C0C30042F80B /* GLKit.framework */; };
/* End PBXBuildFile section */

/* Begin PBXFileReference section */
		3DFA757C2424BF750042F80B /* magicPen.app */ = {isa = PBXFileReference; explicitFileType = wrapper.application; includeInIndex = 0; path = magicPen.app; sourceTree = BUILT_PRODUCTS_DIR; };
		3DFA757F2424BF750042F80B /* AppDelegate.h */ = {isa = PBXFileReference; lastKnownFileType = sourcecode.c.h; path = AppDelegate.h; sourceTree = "<group>"; };
		3DFA75802424BF750042F80B /* AppDelegate.m */ = {isa = PBXFileReference; lastKnownFileType = sourcecode.c.objc; path = AppDelegate.m; sourceTree = "<group>"; };
		3DFA75822424BF750042F80B /* ViewController.h */ = {isa = PBXFileReference; lastKnownFileType = sourcecode.c.h; path = ViewController.h; sourceTree = "<group>"; };
		3DFA75832424BF750042F80B /* ViewController.m */ = {isa = PBXFileReference; lastKnownFileType = sourcecode.c.objc; path = ViewController.m; sourceTree = "<group>"; };
		3DFA75862424BF750042F80B /* Base */ = {isa = PBXFileReference; lastKnownFileType = file.storyboard; name = Base; path = Base.lproj/Main.storyboard; sourceTree = "<group>"; };
		3DFA75882424BF760042F80B /* Assets.xcassets */ = {isa = PBXFileReference; lastKnownFileType = folder.assetcatalog; path = Assets.xcassets; sourceTree = "<group>"; };
		3DFA758B2424BF760042F80B /* Base */ = {isa = PBXFileReference; lastKnownFileType = file.storyboard; name = Base; path = Base.lproj/LaunchScreen.storyboard; sourceTree = "<group>"; };
		3DFA758D2424BF760042F80B /* Info.plist */ = {isa = PBXFileReference; lastKnownFileType = text.plist.xml; path = Info.plist; sourceTree = "<group>"; };
		3DFA758E2424BF760042F80B /* main.m */ = {isa = PBXFileReference; lastKnownFileType = sourcecode.c.objc; path = main.m; sourceTree = "<group>"; };
		3DFA75962424C0C30042F80B /* GLKit.framework */ = {isa = PBXFileReference; lastKnownFileType = wrapper.framework; name = GLKit.framework; path = System/Library/Frameworks/GLKit.framework; sourceTree = SDKROOT; };
/* End PBXFileReference section */

/* Begin PBXFrameworksBuildPhase section */
		3DFA75792424BF750042F80B /* Frameworks */ = {
			isa = PBXFrameworksBuildPhase;
			buildActionMask = 2147483647;
			files = (
				3DFA75972424C0C30042F80B /* GLKit.framework in Frameworks */,
			);
			runOnlyForDeploymentPostprocessing = 0;
		};
/* End PBXFrameworksBuildPhase section */

/* Begin PBXGroup section */
		3DFA75732424BF750042F80B = {
			isa = PBXGroup;
			children = (
				3DFA757E2424BF750042F80B /* magicPen */,
				3DFA757D2424BF750042F80B /* Products */,
				3DFA75952424C0C30042F80B /* Frameworks */,
			);
			sourceTree = "<group>";
		};
		3DFA757D2424BF750042F80B /* Products */ = {
			isa = PBXGroup;
			children = (
				3DFA757C2424BF750042F80B /* magicPen.app */,
			);
			name = Products;
			sourceTree = "<group>";
		};
		3DFA757E2424BF750042F80B /* magicPen */ = {
			isa = PBXGroup;
			children = (
				3DFA757F2424BF750042F80B /* AppDelegate.h */,
				3DFA75802424BF750042F80B /* AppDelegate.m */,
				3DFA75822424BF750042F80B /* ViewController.h */,
				3DFA75832424BF750042F80B /* ViewController.m */,
				3DFA75852424BF750042F80B /* Main.storyboard */,
				3DFA75882424BF760042F80B /* Assets.xcassets */,
				3DFA758A2424BF760042F80B /* LaunchScreen.storyboard */,
				3DFA758D2424BF760042F80B /* Info.plist */,
				3DFA758E2424BF760042F80B /* main.m */,
			);
			path = magicPen;
			sourceTree = "<group>";
		};
		3DFA75952424C0C30042F80B /* Frameworks */ = {
			isa = PBXGroup;
			children = (
				3DFA75962424C0C30042F80B /* GLKit.framework */,
			);
			name = Frameworks;
			sourceTree = "<group>";
		};
/* End PBXGroup section */

/* Begin PBXNativeTarget section */
		3DFA757B2424BF750042F80B /* magicPen */ = {
			isa = PBXNativeTarget;
			buildConfigurationList = 3DFA75922424BF760042F80B /* Build configuration list for PBXNativeTarget "magicPen" */;
			buildPhases = (
				3DFA75782424BF750042F80B /* Sources */,
				3DFA75792424BF750042F80B /* Frameworks */,
				3DFA757A2424BF750042F80B /* Resources */,
			);
			buildRules = (
			);
			dependencies = (
			);
			name = magicPen;
			productName = magicPen;
			productReference = 3DFA757C2424BF750042F80B /* magicPen.app */;
			productType = "com.apple.product-type.application";
		};
/* End PBXNativeTarget section */

/* Begin PBXProject section */
		3DFA75742424BF750042F80B /* Project object */ = {
			isa = PBXProject;
			attributes = {
				LastUpgradeCheck = 0930;
				ORGANIZATIONNAME = william;
				TargetAttributes = {
					3DFA757B2424BF750042F80B = {
						CreatedOnToolsVersion = 9.3;
					};
				};
			};
			buildConfigurationList = 3DFA75772424BF750042F80B /* Build configuration list for PBXProject "magicPen" */;
			compatibilityVersion = "Xcode 9.3";
			developmentRegion = en;
			hasScannedForEncodings = 0;
			knownRegions = (
				en,
				Base,
			);
			mainGroup = 3DFA75732424BF750042F80B;
			productRefGroup = 3DFA757D2424BF750042F80B /* Products */;
			projectDirPath = "";
			projectRoot = "";
			targets = (
				3DFA757B2424BF750042F80B /* magicPen */,
			);
		};
/* End PBXProject section */

/* Begin PBXResourcesBuildPhase section */
		3DFA757A2424BF750042F80B /* Resources */ = {
			isa = PBXResourcesBuildPhase;
			buildActionMask = 2147483647;
			files = (
				3DFA758C2424BF760042F80B /* LaunchScreen.storyboard in Resources */,
				3DFA75892424BF760042F80B /* Assets.xcassets in Resources */,
				3DFA75872424BF750042F80B /* Main.storyboard in Resources */,
			);
			runOnlyForDeploymentPostprocessing = 0;
		};
/* End PBXResourcesBuildPhase section */

/* Begin PBXSourcesBuildPhase section */
		3DFA75782424BF750042F80B /* Sources */ = {
			isa = PBXSourcesBuildPhase;
			buildActionMask = 2147483647;
			files = (
				3DFA75842424BF750042F80B /* ViewController.m in Sources */,
				3DFA758F2424BF760042F80B /* main.m in Sources */,
				3DFA75812424BF750042F80B /* AppDelegate.m in Sources */,
			);
			runOnlyForDeploymentPostprocessing = 0;
		};
/* End PBXSourcesBuildPhase section */

/* Begin PBXVariantGroup section */
		3DFA75852424BF750042F80B /* Main.storyboard */ = {
			isa = PBXVariantGroup;
			children = (
				3DFA75862424BF750042F80B /* Base */,
			);
			name = Main.storyboard;
			sourceTree = "<group>";
		};
		3DFA758A2424BF760042F80B /* LaunchScreen.storyboard */ = {
			isa = PBXVariantGroup;
			children = (
				3DFA758B2424BF760042F80B /* Base */,
			);
			name = LaunchScreen.storyboard;
			sourceTree = "<group>";
		};
/* End PBXVariantGroup section */

/* Begin XCBuildConfiguration section */
		3DFA75902424BF760042F80B /* Debug */ = {
			isa = XCBuildConfiguration;
			buildSettings = {
				ALWAYS_SEARCH_USER_PATHS = NO;
				CLANG_ANALYZER_NONNULL = YES;
				CLANG_ANALYZER_NUMBER_OBJECT_CONVERSION = YES_AGGRESSIVE;
				CLANG_CXX_LANGUAGE_STANDARD = "gnu++14";
				CLANG_CXX_LIBRARY = "libc++";
				CLANG_ENABLE_MODULES = YES;
				CLANG_ENABLE_OBJC_ARC = YES;
				CLANG_ENABLE_OBJC_WEAK = YES;
				CLANG_WARN_BLOCK_CAPTURE_AUTORELEASING = YES;
				CLANG_WARN_BOOL_CONVERSION = YES;
				CLANG_WARN_COMMA = YES;
				CLANG_WARN_CONSTANT_CONVERSION = YES;
				CLANG_WARN_DEPRECATED_OBJC_IMPLEMENTATIONS = YES;
				CLANG_WARN_DIRECT_OBJC_ISA_USAGE = YES_ERROR;
				CLANG_WARN_DOCUMENTATION_COMMENTS = YES;
				CLANG_WARN_EMPTY_BODY = YES;
				CLANG_WARN_ENUM_CONVERSION = YES;
				CLANG_WARN_INFINITE_RECURSION = YES;
				CLANG_WARN_INT_CONVERSION = YES;
				CLANG_WARN_NON_LITERAL_NULL_CONVERSION = YES;
				CLANG_WARN_OBJC_IMPLICIT_RETAIN_SELF = YES;
				CLANG_WARN_OBJC_LITERAL_CONVERSION = YES;
				CLANG_WARN_OBJC_ROOT_CLASS = YES_ERROR;
				CLANG_WARN_RANGE_LOOP_ANALYSIS = YES;
				CLANG_WARN_STRICT_PROTOTYPES = YES;
				CLANG_WARN_SUSPICIOUS_MOVE = YES;
				CLANG_WARN_UNGUARDED_AVAILABILITY = YES_AGGRESSIVE;
				CLANG_WARN_UNREACHABLE_CODE = YES;
				CLANG_WARN__DUPLICATE_METHOD_MATCH = YES;
				CODE_SIGN_IDENTITY = "iPhone Developer";
				COPY_PHASE_STRIP = NO;
				DEBUG_INFORMATION_FORMAT = dwarf;
				ENABLE_STRICT_OBJC_MSGSEND = YES;
				ENABLE_TESTABILITY = YES;
				GCC_C_LANGUAGE_STANDARD = gnu11;
				GCC_DYNAMIC_NO_PIC = NO;
				GCC_NO_COMMON_BLOCKS = YES;
				GCC_OPTIMIZATION_LEVEL = 0;
				GCC_PREPROCESSOR_DEFINITIONS = (
					"DEBUG=1",
					"$(inherited)",
				);
				GCC_WARN_64_TO_32_BIT_CONVERSION = YES;
				GCC_WARN_ABOUT_RETURN_TYPE = YES_ERROR;
				GCC_WARN_UNDECLARED_SELECTOR = YES;
				GCC_WARN_UNINITIALIZED_AUTOS = YES_AGGRESSIVE;
				GCC_WARN_UNUSED_FUNCTION = YES;
				GCC_WARN_UNUSED_VARIABLE = YES;
				IPHONEOS_DEPLOYMENT_TARGET = 11.3;
				MTL_ENABLE_DEBUG_INFO = YES;
				ONLY_ACTIVE_ARCH = YES;
				SDKROOT = iphoneos;
			};
			name = Debug;
		};
		3DFA75912424BF760042F80B /* Release */ = {
			isa = XCBuildConfiguration;
			buildSettings = {
				ALWAYS_SEARCH_USER_PATHS = NO;
				CLANG_ANALYZER_NONNULL = YES;
				CLANG_ANALYZER_NUMBER_OBJECT_CONVERSION = YES_AGGRESSIVE;
				CLANG_CXX_LANGUAGE_STANDARD = "gnu++14";
				CLANG_CXX_LIBRARY = "libc++";
				CLANG_ENABLE_MODULES = YES;
				CLANG_ENABLE_OBJC_ARC = YES;
				CLANG_ENABLE_OBJC_WEAK = YES;
				CLANG_WARN_BLOCK_CAPTURE_AUTORELEASING = YES;
				CLANG_WARN_BOOL_CONVERSION = YES;
				CLANG_WARN_COMMA = YES;
				CLANG_WARN_CONSTANT_CONVERSION = YES;
				CLANG_WARN_DEPRECATED_OBJC_IMPLEMENTATIONS = YES;
				CLANG_WARN_DIRECT_OBJC_ISA_USAGE = YES_ERROR;
				CLANG_WARN_DOCUMENTATION_COMMENTS = YES;
				CLANG_WARN_EMPTY_BODY = YES;
				CLANG_WARN_ENUM_CONVERSION = YES;
				CLANG_WARN_INFINITE_RECURSION = YES;
				CLANG_WARN_INT_CONVERSION = YES;
				CLANG_WARN_NON_LITERAL_NULL_CONVERSION = YES;
				CLANG_WARN_OBJC_IMPLICIT_RETAIN_SELF = YES;
				CLANG_WARN_OBJC_LITERAL_CONVERSION = YES;
				CLANG_WARN_OBJC_ROOT_CLASS = YES_ERROR;
				CLANG_WARN_RANGE_LOOP_ANALYSIS = YES;
				CLANG_WARN_STRICT_PROTOTYPES = YES;
				CLANG_WARN_SUSPICIOUS_MOVE = YES;
				CLANG_WARN_UNGUARDED_AVAILABILITY = YES_AGGRESSIVE;
				CLANG_WARN_UNREACHABLE_CODE = YES;
				CLANG_WARN__DUPLICATE_METHOD_MATCH = YES;
				CODE_SIGN_IDENTITY = "iPhone Developer";
				COPY_PHASE_STRIP = NO;
				DEBUG_INFORMATION_FORMAT = "dwarf-with-dsym";
				ENABLE_NS_ASSERTIONS = NO;
				ENABLE_STRICT_OBJC_MSGSEND = YES;
				GCC_C_LANGUAGE_STANDARD = gnu11;
				GCC_NO_COMMON_BLOCKS = YES;
				GCC_WARN_64_TO_32_BIT_CONVERSION = YES;
				GCC_WARN_ABOUT_RETURN_TYPE = YES_ERROR;
				GCC_WARN_UNDECLARED_SELECTOR = YES;
				GCC_WARN_UNINITIALIZED_AUTOS = YES_AGGRESSIVE;
				GCC_WARN_UNUSED_FUNCTION = YES;
				GCC_WARN_UNUSED_VARIABLE = YES;
				IPHONEOS_DEPLOYMENT_TARGET = 11.3;
				MTL_ENABLE_DEBUG_INFO = NO;
				SDKROOT = iphoneos;
				VALIDATE_PRODUCT = YES;
			};
			name = Release;
		};
		3DFA75932424BF760042F80B /* Debug */ = {
			isa = XCBuildConfiguration;
			buildSettings = {
				ASSETCATALOG_COMPILER_APPICON_NAME = AppIcon;
				CODE_SIGN_STYLE = Manual;
				DEVELOPMENT_TEAM = "";
				INFOPLIST_FILE = magicPen/Info.plist;
				LD_RUNPATH_SEARCH_PATHS = (
					"$(inherited)",
					"@executable_path/Frameworks",
				);
				PRODUCT_BUNDLE_IDENTIFIER = com.meitu.cwb.magicPen;
				PRODUCT_NAME = "$(TARGET_NAME)";
				PROVISIONING_PROFILE_SPECIFIER = "";
				TARGETED_DEVICE_FAMILY = "1,2";
			};
			name = Debug;
		};
		3DFA75942424BF760042F80B /* Release */ = {
			isa = XCBuildConfiguration;
			buildSettings = {
				ASSETCATALOG_COMPILER_APPICON_NAME = AppIcon;
				CODE_SIGN_STYLE = Manual;
				DEVELOPMENT_TEAM = "";
				INFOPLIST_FILE = magicPen/Info.plist;
				LD_RUNPATH_SEARCH_PATHS = (
					"$(inherited)",
					"@executable_path/Frameworks",
				);
				PRODUCT_BUNDLE_IDENTIFIER = com.meitu.cwb.magicPen;
				PRODUCT_NAME = "$(TARGET_NAME)";
				PROVISIONING_PROFILE_SPECIFIER = "";
				TARGETED_DEVICE_FAMILY = "1,2";
			};
			name = Release;
		};
/* End XCBuildConfiguration section */

/* Begin XCConfigurationList section */
		3DFA75772424BF750042F80B /* Build configuration list for PBXProject "magicPen" */ = {
			isa = XCConfigurationList;
			buildConfigurations = (
				3DFA75902424BF760042F80B /* Debug */,
				3DFA75912424BF760042F80B /* Release */,
			);
			defaultConfigurationIsVisible = 0;
			defaultConfigurationName = Release;
		};
		3DFA75922424BF760042F80B /* Build configuration list for PBXNativeTarget "magicPen" */ = {
			isa = XCConfigurationList;
			buildConfigurations = (
				3DFA75932424BF760042F80B /* Debug */,
				3DFA75942424BF760042F80B /* Release */,
			);
			defaultConfigurationIsVisible = 0;
			defaultConfigurationName = Release;
		};
/* End XCConfigurationList section */
	};
	rootObject = 3DFA75742424BF750042F80B /* Project object */;
}
